
Microsoft Visual Studio Solution File, Format Version 12.00
# Visual Studio 2012
Project("{8BC9CEB8-8B4A-11D0-8D11-00A0C91BC942}") = "第一次作业", "第一次作业.vcxproj", "{0B5F7115-ED8A-416D-9F81-985E0861B362}"
EndProject
Global
	GlobalSection(SolutionConfigurationPlatforms) = preSolution
		Debug|Win32 = Debug|Win32
		Release|Win32 = Release|Win32
	EndGlobalSection
	GlobalSection(ProjectConfigurationPlatforms) = postSolution
		{0B5F7115-ED8A-416D-9F81-985E0861B362}.Debug|Win32.ActiveCfg = Debug|Win32
		{0B5F7115-ED8A-416D-9F81-985E0861B362}.Debug|Win32.Build.0 = Debug|Win32
		{0B5F7115-ED8A-416D-9F81-985E0861B362}.Release|Win32.ActiveCfg = Release|Win32
		{0B5F7115-ED8A-416D-9F81-985E0861B362}.Release|Win32.Build.0 = Release|Win32
	EndGlobalSection
	GlobalSection(SolutionProperties) = preSolution
		HideSolutionNode = FALSE
	EndGlobalSection
EndGlobal
