
Microsoft Visual Studio Solution File, Format Version 12.00
# Visual Studio 2012
Project("{8BC9CEB8-8B4A-11D0-8D11-00A0C91BC942}") = "实验2", "实验2.vcxproj", "{A2ABE2EE-EF51-4822-B0FA-C41A9A31E92B}"
EndProject
Global
	GlobalSection(SolutionConfigurationPlatforms) = preSolution
		Debug|Win32 = Debug|Win32
		Release|Win32 = Release|Win32
	EndGlobalSection
	GlobalSection(ProjectConfigurationPlatforms) = postSolution
		{A2ABE2EE-EF51-4822-B0FA-C41A9A31E92B}.Debug|Win32.ActiveCfg = Debug|Win32
		{A2ABE2EE-EF51-4822-B0FA-C41A9A31E92B}.Debug|Win32.Build.0 = Debug|Win32
		{A2ABE2EE-EF51-4822-B0FA-C41A9A31E92B}.Release|Win32.ActiveCfg = Release|Win32
		{A2ABE2EE-EF51-4822-B0FA-C41A9A31E92B}.Release|Win32.Build.0 = Release|Win32
	EndGlobalSection
	GlobalSection(SolutionProperties) = preSolution
		HideSolutionNode = FALSE
	EndGlobalSection
EndGlobal
